{
    "_meta": {
        "hash": {
            "sha256": "eae679d1a697e31832b1c0af0194389d98af1abb637723d2e1b256e84c2cde50"
        },
        "pipfile-spec": 6,
        "requires": {
            "python_version": "3.11"
        },
        "sources": [
            {
                "name": "pip_conf_index_global",
                "url": "https://pypi.tuna.tsinghua.edu.cn/simple",
                "verify_ssl": true
            }
        ]
    },
    "default": {},
    "develop": {}
}
